
Microsoft Visual Studio Solution File, Format Version 12.00
# Visual Studio 15
VisualStudioVersion = 15.0.26124.0
MinimumVisualStudioVersion = 15.0.26124.0
Project("{2150E333-8FDC-42A3-9474-1A3956D46DE8}") = "src", "src", "{474A0EE7-573E-40FE-8B7A-FEAF914DD89C}"
EndProject
Project("{FAE04EC0-301F-11D3-BF4B-00C04F79EFBC}") = "Silo", "src\Silo\Silo.csproj", "{69EF108B-BFE7-4FD1-96F3-E11F4D4B668D}"
EndProject
Project("{FAE04EC0-301F-11D3-BF4B-00C04F79EFBC}") = "SiloBase", "src\SiloBase\SiloBase.csproj", "{75999786-7CCD-431F-B253-302EDFCC4A2E}"
EndProject
Global
	GlobalSection(SolutionConfigurationPlatforms) = preSolution
		Debug|Any CPU = Debug|Any CPU
		Debug|x64 = Debug|x64
		Debug|x86 = Debug|x86
		Release|Any CPU = Release|Any CPU
		Release|x64 = Release|x64
		Release|x86 = Release|x86
	EndGlobalSection
	GlobalSection(SolutionProperties) = preSolution
		HideSolutionNode = FALSE
	EndGlobalSection
	GlobalSection(ProjectConfigurationPlatforms) = postSolution
		{69EF108B-BFE7-4FD1-96F3-E11F4D4B668D}.Debug|Any CPU.ActiveCfg = Debug|Any CPU
		{69EF108B-BFE7-4FD1-96F3-E11F4D4B668D}.Debug|Any CPU.Build.0 = Debug|Any CPU
		{69EF108B-BFE7-4FD1-96F3-E11F4D4B668D}.Debug|x64.ActiveCfg = Debug|Any CPU
		{69EF108B-BFE7-4FD1-96F3-E11F4D4B668D}.Debug|x64.Build.0 = Debug|Any CPU
		{69EF108B-BFE7-4FD1-96F3-E11F4D4B668D}.Debug|x86.ActiveCfg = Debug|Any CPU
		{69EF108B-BFE7-4FD1-96F3-E11F4D4B668D}.Debug|x86.Build.0 = Debug|Any CPU
		{69EF108B-BFE7-4FD1-96F3-E11F4D4B668D}.Release|Any CPU.ActiveCfg = Release|Any CPU
		{69EF108B-BFE7-4FD1-96F3-E11F4D4B668D}.Release|Any CPU.Build.0 = Release|Any CPU
		{69EF108B-BFE7-4FD1-96F3-E11F4D4B668D}.Release|x64.ActiveCfg = Release|Any CPU
		{69EF108B-BFE7-4FD1-96F3-E11F4D4B668D}.Release|x64.Build.0 = Release|Any CPU
		{69EF108B-BFE7-4FD1-96F3-E11F4D4B668D}.Release|x86.ActiveCfg = Release|Any CPU
		{69EF108B-BFE7-4FD1-96F3-E11F4D4B668D}.Release|x86.Build.0 = Release|Any CPU
		{75999786-7CCD-431F-B253-302EDFCC4A2E}.Debug|Any CPU.ActiveCfg = Debug|Any CPU
		{75999786-7CCD-431F-B253-302EDFCC4A2E}.Debug|Any CPU.Build.0 = Debug|Any CPU
		{75999786-7CCD-431F-B253-302EDFCC4A2E}.Debug|x64.ActiveCfg = Debug|Any CPU
		{75999786-7CCD-431F-B253-302EDFCC4A2E}.Debug|x64.Build.0 = Debug|Any CPU
		{75999786-7CCD-431F-B253-302EDFCC4A2E}.Debug|x86.ActiveCfg = Debug|Any CPU
		{75999786-7CCD-431F-B253-302EDFCC4A2E}.Debug|x86.Build.0 = Debug|Any CPU
		{75999786-7CCD-431F-B253-302EDFCC4A2E}.Release|Any CPU.ActiveCfg = Release|Any CPU
		{75999786-7CCD-431F-B253-302EDFCC4A2E}.Release|Any CPU.Build.0 = Release|Any CPU
		{75999786-7CCD-431F-B253-302EDFCC4A2E}.Release|x64.ActiveCfg = Release|Any CPU
		{75999786-7CCD-431F-B253-302EDFCC4A2E}.Release|x64.Build.0 = Release|Any CPU
		{75999786-7CCD-431F-B253-302EDFCC4A2E}.Release|x86.ActiveCfg = Release|Any CPU
		{75999786-7CCD-431F-B253-302EDFCC4A2E}.Release|x86.Build.0 = Release|Any CPU
	EndGlobalSection
	GlobalSection(NestedProjects) = preSolution
		{69EF108B-BFE7-4FD1-96F3-E11F4D4B668D} = {474A0EE7-573E-40FE-8B7A-FEAF914DD89C}
		{75999786-7CCD-431F-B253-302EDFCC4A2E} = {474A0EE7-573E-40FE-8B7A-FEAF914DD89C}
	EndGlobalSection
EndGlobal
